
Microsoft Visual Studio Solution File, Format Version 12.00
# Visual Studio 15
VisualStudioVersion = 15.0.28307.645
MinimumVisualStudioVersion = 10.0.40219.1
Project("{FAE04EC0-301F-11D3-BF4B-00C04F79EFBC}") = "RecipeBookApp", "RecipeBookApp\RecipeBookApp.csproj", "{12E516D1-D392-487A-8122-BC49A7216B7A}"
EndProject
Global
	GlobalSection(SolutionConfigurationPlatforms) = preSolution
		Debug|Any CPU = Debug|Any CPU
		Release|Any CPU = Release|Any CPU
	EndGlobalSection
	GlobalSection(ProjectConfigurationPlatforms) = postSolution
		{12E516D1-D392-487A-8122-BC49A7216B7A}.Debug|Any CPU.ActiveCfg = Debug|Any CPU
		{12E516D1-D392-487A-8122-BC49A7216B7A}.Debug|Any CPU.Build.0 = Debug|Any CPU
		{12E516D1-D392-487A-8122-BC49A7216B7A}.Release|Any CPU.ActiveCfg = Release|Any CPU
		{12E516D1-D392-487A-8122-BC49A7216B7A}.Release|Any CPU.Build.0 = Release|Any CPU
	EndGlobalSection
	GlobalSection(SolutionProperties) = preSolution
		HideSolutionNode = FALSE
	EndGlobalSection
	GlobalSection(ExtensibilityGlobals) = postSolution
		SolutionGuid = {5F350111-FFC4-4FBE-9FB2-A10A8E38082F}
	EndGlobalSection
EndGlobal
